
Microsoft Visual Studio Solution File, Format Version 12.00
# Visual Studio Version 17
VisualStudioVersion = 17.2.32526.322
MinimumVisualStudioVersion = 10.0.40219.1
Project("{FAE04EC0-301F-11D3-BF4B-00C04F79EFBC}") = "RedisTest", "RedisTest\RedisTest.csproj", "{29DA193F-A6ED-4936-AA82-875A94ED0A27}"
EndProject
Global
	GlobalSection(SolutionConfigurationPlatforms) = preSolution
		Debug|Any CPU = Debug|Any CPU
		Release|Any CPU = Release|Any CPU
	EndGlobalSection
	GlobalSection(ProjectConfigurationPlatforms) = postSolution
		{29DA193F-A6ED-4936-AA82-875A94ED0A27}.Debug|Any CPU.ActiveCfg = Debug|Any CPU
		{29DA193F-A6ED-4936-AA82-875A94ED0A27}.Debug|Any CPU.Build.0 = Debug|Any CPU
		{29DA193F-A6ED-4936-AA82-875A94ED0A27}.Release|Any CPU.ActiveCfg = Release|Any CPU
		{29DA193F-A6ED-4936-AA82-875A94ED0A27}.Release|Any CPU.Build.0 = Release|Any CPU
	EndGlobalSection
	GlobalSection(SolutionProperties) = preSolution
		HideSolutionNode = FALSE
	EndGlobalSection
	GlobalSection(ExtensibilityGlobals) = postSolution
		SolutionGuid = {1FA3ADFF-3B1A-45B3-A1AA-B973A7312253}
	EndGlobalSection
EndGlobal
